
Microsoft Visual Studio Solution File, Format Version 12.00
# Visual Studio Version 17
VisualStudioVersion = 17.11.35303.130
MinimumVisualStudioVersion = 10.0.40219.1
Project("{FAE04EC0-301F-11D3-BF4B-00C04F79EFBC}") = "WalmartRecreation", "WalmartRecreation\WalmartRecreation.csproj", "{CBE8EC3C-910E-4426-A028-90864C8D35A6}"
EndProject
Global
	GlobalSection(SolutionConfigurationPlatforms) = preSolution
		Debug|Any CPU = Debug|Any CPU
		Release|Any CPU = Release|Any CPU
	EndGlobalSection
	GlobalSection(ProjectConfigurationPlatforms) = postSolution
		{CBE8EC3C-910E-4426-A028-90864C8D35A6}.Debug|Any CPU.ActiveCfg = Debug|Any CPU
		{CBE8EC3C-910E-4426-A028-90864C8D35A6}.Debug|Any CPU.Build.0 = Debug|Any CPU
		{CBE8EC3C-910E-4426-A028-90864C8D35A6}.Release|Any CPU.ActiveCfg = Release|Any CPU
		{CBE8EC3C-910E-4426-A028-90864C8D35A6}.Release|Any CPU.Build.0 = Release|Any CPU
	EndGlobalSection
	GlobalSection(SolutionProperties) = preSolution
		HideSolutionNode = FALSE
	EndGlobalSection
	GlobalSection(ExtensibilityGlobals) = postSolution
		SolutionGuid = {82C8B839-775D-479C-AEFE-73BE205DE317}
	EndGlobalSection
EndGlobal
